
Microsoft Visual Studio Solution File, Format Version 12.00
# Visual Studio Version 17
VisualStudioVersion = 17.1.32421.90
MinimumVisualStudioVersion = 10.0.40219.1
Project("{9A19103F-16F7-4668-BE54-9A1E7A4F7556}") = "PizzaPlace_2022.Server", "PizzaPlace_2022\Server\PizzaPlace_2022.Server.csproj", "{B56ADE83-2C02-4C61-A8B7-F278C9B09A4A}"
EndProject
Project("{9A19103F-16F7-4668-BE54-9A1E7A4F7556}") = "PizzaPlace_2022.Client", "PizzaPlace_2022\Client\PizzaPlace_2022.Client.csproj", "{C124FA28-6AE6-40AF-804A-3B3E0DCF20E4}"
EndProject
Project("{9A19103F-16F7-4668-BE54-9A1E7A4F7556}") = "PizzaPlace_2022.Shared", "PizzaPlace_2022\Shared\PizzaPlace_2022.Shared.csproj", "{3FA62BA7-D657-4B9D-806E-B2C5F3055720}"
EndProject
Global
	GlobalSection(SolutionConfigurationPlatforms) = preSolution
		Debug|Any CPU = Debug|Any CPU
		Release|Any CPU = Release|Any CPU
	EndGlobalSection
	GlobalSection(ProjectConfigurationPlatforms) = postSolution
		{B56ADE83-2C02-4C61-A8B7-F278C9B09A4A}.Debug|Any CPU.ActiveCfg = Debug|Any CPU
		{B56ADE83-2C02-4C61-A8B7-F278C9B09A4A}.Debug|Any CPU.Build.0 = Debug|Any CPU
		{B56ADE83-2C02-4C61-A8B7-F278C9B09A4A}.Release|Any CPU.ActiveCfg = Release|Any CPU
		{B56ADE83-2C02-4C61-A8B7-F278C9B09A4A}.Release|Any CPU.Build.0 = Release|Any CPU
		{C124FA28-6AE6-40AF-804A-3B3E0DCF20E4}.Debug|Any CPU.ActiveCfg = Debug|Any CPU
		{C124FA28-6AE6-40AF-804A-3B3E0DCF20E4}.Debug|Any CPU.Build.0 = Debug|Any CPU
		{C124FA28-6AE6-40AF-804A-3B3E0DCF20E4}.Release|Any CPU.ActiveCfg = Release|Any CPU
		{C124FA28-6AE6-40AF-804A-3B3E0DCF20E4}.Release|Any CPU.Build.0 = Release|Any CPU
		{3FA62BA7-D657-4B9D-806E-B2C5F3055720}.Debug|Any CPU.ActiveCfg = Debug|Any CPU
		{3FA62BA7-D657-4B9D-806E-B2C5F3055720}.Debug|Any CPU.Build.0 = Debug|Any CPU
		{3FA62BA7-D657-4B9D-806E-B2C5F3055720}.Release|Any CPU.ActiveCfg = Release|Any CPU
		{3FA62BA7-D657-4B9D-806E-B2C5F3055720}.Release|Any CPU.Build.0 = Release|Any CPU
	EndGlobalSection
	GlobalSection(SolutionProperties) = preSolution
		HideSolutionNode = FALSE
	EndGlobalSection
	GlobalSection(ExtensibilityGlobals) = postSolution
		SolutionGuid = {BBB0D09F-B5E9-4513-8CE7-F3B3C80FED12}
	EndGlobalSection
EndGlobal
